
Microsoft Visual Studio Solution File, Format Version 12.00
# Visual Studio 15
VisualStudioVersion = 15.0.26730.12
MinimumVisualStudioVersion = 10.0.40219.1
Project("{FAE04EC0-301F-11D3-BF4B-00C04F79EFBC}") = "CourseMarket", "CourseMarket\CourseMarket.csproj", "{6822590F-259E-4F98-8974-46D818FDB38E}"
EndProject
Global
	GlobalSection(SolutionConfigurationPlatforms) = preSolution
		Debug|Any CPU = Debug|Any CPU
		Release|Any CPU = Release|Any CPU
	EndGlobalSection
	GlobalSection(ProjectConfigurationPlatforms) = postSolution
		{6822590F-259E-4F98-8974-46D818FDB38E}.Debug|Any CPU.ActiveCfg = Debug|Any CPU
		{6822590F-259E-4F98-8974-46D818FDB38E}.Debug|Any CPU.Build.0 = Debug|Any CPU
		{6822590F-259E-4F98-8974-46D818FDB38E}.Release|Any CPU.ActiveCfg = Release|Any CPU
		{6822590F-259E-4F98-8974-46D818FDB38E}.Release|Any CPU.Build.0 = Release|Any CPU
	EndGlobalSection
	GlobalSection(SolutionProperties) = preSolution
		HideSolutionNode = FALSE
	EndGlobalSection
	GlobalSection(ExtensibilityGlobals) = postSolution
		SolutionGuid = {1BA1E5E1-A162-410D-8848-017D53E1694F}
	EndGlobalSection
EndGlobal
